
Microsoft Visual Studio Solution File, Format Version 12.00
# Visual Studio Version 17
VisualStudioVersion = 17.1.32328.378
MinimumVisualStudioVersion = 10.0.40219.1
Project("{9A19103F-16F7-4668-BE54-9A1E7A4F7556}") = "PL", "PL\PL.csproj", "{DD782675-6B4D-4905-BDFA-D0EBCF998A52}"
EndProject
Project("{9A19103F-16F7-4668-BE54-9A1E7A4F7556}") = "ML", "ML\ML.csproj", "{5CE80221-9A93-476D-8378-C19D7470586E}"
EndProject
Project("{9A19103F-16F7-4668-BE54-9A1E7A4F7556}") = "DL", "DL\DL.csproj", "{11154AF4-DB7E-4C66-AC3B-8126B2202A78}"
EndProject
Project("{9A19103F-16F7-4668-BE54-9A1E7A4F7556}") = "BL", "BL\BL.csproj", "{7E9ABAA7-9B51-42D4-A4DF-E873B57BE225}"
EndProject
Project("{FAE04EC0-301F-11D3-BF4B-00C04F79EFBC}") = "SL", "SL\SL.csproj", "{2A163A95-8366-4CAD-B709-EC0BB79EFCBE}"
EndProject
Global
	GlobalSection(SolutionConfigurationPlatforms) = preSolution
		Debug|Any CPU = Debug|Any CPU
		Release|Any CPU = Release|Any CPU
	EndGlobalSection
	GlobalSection(ProjectConfigurationPlatforms) = postSolution
		{DD782675-6B4D-4905-BDFA-D0EBCF998A52}.Debug|Any CPU.ActiveCfg = Debug|Any CPU
		{DD782675-6B4D-4905-BDFA-D0EBCF998A52}.Debug|Any CPU.Build.0 = Debug|Any CPU
		{DD782675-6B4D-4905-BDFA-D0EBCF998A52}.Release|Any CPU.ActiveCfg = Release|Any CPU
		{DD782675-6B4D-4905-BDFA-D0EBCF998A52}.Release|Any CPU.Build.0 = Release|Any CPU
		{5CE80221-9A93-476D-8378-C19D7470586E}.Debug|Any CPU.ActiveCfg = Debug|Any CPU
		{5CE80221-9A93-476D-8378-C19D7470586E}.Debug|Any CPU.Build.0 = Debug|Any CPU
		{5CE80221-9A93-476D-8378-C19D7470586E}.Release|Any CPU.ActiveCfg = Release|Any CPU
		{5CE80221-9A93-476D-8378-C19D7470586E}.Release|Any CPU.Build.0 = Release|Any CPU
		{11154AF4-DB7E-4C66-AC3B-8126B2202A78}.Debug|Any CPU.ActiveCfg = Debug|Any CPU
		{11154AF4-DB7E-4C66-AC3B-8126B2202A78}.Debug|Any CPU.Build.0 = Debug|Any CPU
		{11154AF4-DB7E-4C66-AC3B-8126B2202A78}.Release|Any CPU.ActiveCfg = Release|Any CPU
		{11154AF4-DB7E-4C66-AC3B-8126B2202A78}.Release|Any CPU.Build.0 = Release|Any CPU
		{7E9ABAA7-9B51-42D4-A4DF-E873B57BE225}.Debug|Any CPU.ActiveCfg = Debug|Any CPU
		{7E9ABAA7-9B51-42D4-A4DF-E873B57BE225}.Debug|Any CPU.Build.0 = Debug|Any CPU
		{7E9ABAA7-9B51-42D4-A4DF-E873B57BE225}.Release|Any CPU.ActiveCfg = Release|Any CPU
		{7E9ABAA7-9B51-42D4-A4DF-E873B57BE225}.Release|Any CPU.Build.0 = Release|Any CPU
		{2A163A95-8366-4CAD-B709-EC0BB79EFCBE}.Debug|Any CPU.ActiveCfg = Debug|Any CPU
		{2A163A95-8366-4CAD-B709-EC0BB79EFCBE}.Debug|Any CPU.Build.0 = Debug|Any CPU
		{2A163A95-8366-4CAD-B709-EC0BB79EFCBE}.Release|Any CPU.ActiveCfg = Release|Any CPU
		{2A163A95-8366-4CAD-B709-EC0BB79EFCBE}.Release|Any CPU.Build.0 = Release|Any CPU
	EndGlobalSection
	GlobalSection(SolutionProperties) = preSolution
		HideSolutionNode = FALSE
	EndGlobalSection
	GlobalSection(ExtensibilityGlobals) = postSolution
		SolutionGuid = {0B78EBC5-0842-4D43-BC04-C08E9C866305}
	EndGlobalSection
EndGlobal
